
Microsoft Visual Studio Solution File, Format Version 12.00
# Visual Studio Version 17
VisualStudioVersion = 17.9.34728.123
MinimumVisualStudioVersion = 10.0.40219.1
Project("{FAE04EC0-301F-11D3-BF4B-00C04F79EFBC}") = "TaskIT", "TaskIT.csproj", "{423505C9-E428-4BD0-998C-047C36AD7568}"
EndProject
Global
	GlobalSection(SolutionConfigurationPlatforms) = preSolution
		Debug|Any CPU = Debug|Any CPU
		Release|Any CPU = Release|Any CPU
	EndGlobalSection
	GlobalSection(ProjectConfigurationPlatforms) = postSolution
		{423505C9-E428-4BD0-998C-047C36AD7568}.Debug|Any CPU.ActiveCfg = Debug|Any CPU
		{423505C9-E428-4BD0-998C-047C36AD7568}.Debug|Any CPU.Build.0 = Debug|Any CPU
		{423505C9-E428-4BD0-998C-047C36AD7568}.Release|Any CPU.ActiveCfg = Release|Any CPU
		{423505C9-E428-4BD0-998C-047C36AD7568}.Release|Any CPU.Build.0 = Release|Any CPU
	EndGlobalSection
	GlobalSection(SolutionProperties) = preSolution
		HideSolutionNode = FALSE
	EndGlobalSection
	GlobalSection(ExtensibilityGlobals) = postSolution
		SolutionGuid = {4CCE1C47-56D2-4F46-A3DC-5D1F94E26F3E}
	EndGlobalSection
EndGlobal
