
Microsoft Visual Studio Solution File, Format Version 12.00
# Visual Studio Version 17
VisualStudioVersion = 17.9.34728.123
MinimumVisualStudioVersion = 10.0.40219.1
Project("{FAE04EC0-301F-11D3-BF4B-00C04F79EFBC}") = "Fayroz", "Fayroz.csproj", "{87421C63-012E-4D32-A04F-060D57474FD7}"
EndProject
Global
	GlobalSection(SolutionConfigurationPlatforms) = preSolution
		Debug|Any CPU = Debug|Any CPU
		Release|Any CPU = Release|Any CPU
	EndGlobalSection
	GlobalSection(ProjectConfigurationPlatforms) = postSolution
		{87421C63-012E-4D32-A04F-060D57474FD7}.Debug|Any CPU.ActiveCfg = Debug|Any CPU
		{87421C63-012E-4D32-A04F-060D57474FD7}.Debug|Any CPU.Build.0 = Debug|Any CPU
		{87421C63-012E-4D32-A04F-060D57474FD7}.Release|Any CPU.ActiveCfg = Release|Any CPU
		{87421C63-012E-4D32-A04F-060D57474FD7}.Release|Any CPU.Build.0 = Release|Any CPU
	EndGlobalSection
	GlobalSection(SolutionProperties) = preSolution
		HideSolutionNode = FALSE
	EndGlobalSection
	GlobalSection(ExtensibilityGlobals) = postSolution
		SolutionGuid = {A0029978-39B1-4E53-8D89-15327345D0AD}
	EndGlobalSection
EndGlobal
